
Microsoft Visual Studio Solution File, Format Version 12.00
# Visual Studio Version 17
VisualStudioVersion = 17.3.32825.248
MinimumVisualStudioVersion = 10.0.40219.1
Project("{FAE04EC0-301F-11D3-BF4B-00C04F79EFBC}") = "Console Creatures", "Console Creatures.csproj", "{3ABBF85F-43C7-4FC6-99F9-2CE42A5BD9E4}"
EndProject
Global
	GlobalSection(SolutionConfigurationPlatforms) = preSolution
		Debug|Any CPU = Debug|Any CPU
		Release|Any CPU = Release|Any CPU
	EndGlobalSection
	GlobalSection(ProjectConfigurationPlatforms) = postSolution
		{3ABBF85F-43C7-4FC6-99F9-2CE42A5BD9E4}.Debug|Any CPU.ActiveCfg = Debug|Any CPU
		{3ABBF85F-43C7-4FC6-99F9-2CE42A5BD9E4}.Debug|Any CPU.Build.0 = Debug|Any CPU
		{3ABBF85F-43C7-4FC6-99F9-2CE42A5BD9E4}.Release|Any CPU.ActiveCfg = Release|Any CPU
		{3ABBF85F-43C7-4FC6-99F9-2CE42A5BD9E4}.Release|Any CPU.Build.0 = Release|Any CPU
	EndGlobalSection
	GlobalSection(SolutionProperties) = preSolution
		HideSolutionNode = FALSE
	EndGlobalSection
	GlobalSection(ExtensibilityGlobals) = postSolution
		SolutionGuid = {938A1C28-AC23-4FA9-B372-65AF6831BD2C}
	EndGlobalSection
EndGlobal
