
Microsoft Visual Studio Solution File, Format Version 12.00
# Visual Studio Version 17
VisualStudioVersion = 17.3.32825.248
MinimumVisualStudioVersion = 10.0.40219.1
Project("{FAE04EC0-301F-11D3-BF4B-00C04F79EFBC}") = "Choose Your Own Adventure", "Choose Your Own Adventure.csproj", "{9FCBD642-A095-4C5A-AE0E-838101C5087C}"
EndProject
Global
	GlobalSection(SolutionConfigurationPlatforms) = preSolution
		Debug|Any CPU = Debug|Any CPU
		Release|Any CPU = Release|Any CPU
	EndGlobalSection
	GlobalSection(ProjectConfigurationPlatforms) = postSolution
		{9FCBD642-A095-4C5A-AE0E-838101C5087C}.Debug|Any CPU.ActiveCfg = Debug|Any CPU
		{9FCBD642-A095-4C5A-AE0E-838101C5087C}.Debug|Any CPU.Build.0 = Debug|Any CPU
		{9FCBD642-A095-4C5A-AE0E-838101C5087C}.Release|Any CPU.ActiveCfg = Release|Any CPU
		{9FCBD642-A095-4C5A-AE0E-838101C5087C}.Release|Any CPU.Build.0 = Release|Any CPU
	EndGlobalSection
	GlobalSection(SolutionProperties) = preSolution
		HideSolutionNode = FALSE
	EndGlobalSection
	GlobalSection(ExtensibilityGlobals) = postSolution
		SolutionGuid = {CDB0A1A0-F5BD-4A21-A836-638E618EB0BC}
	EndGlobalSection
EndGlobal
