
Microsoft Visual Studio Solution File, Format Version 12.00
# Visual Studio Version 17
VisualStudioVersion = 17.3.32825.248
MinimumVisualStudioVersion = 10.0.40219.1
Project("{FAE04EC0-301F-11D3-BF4B-00C04F79EFBC}") = "True or False", "True or False.csproj", "{BCA56B14-31D3-4AF7-83B5-05CCA23B732D}"
EndProject
Global
	GlobalSection(SolutionConfigurationPlatforms) = preSolution
		Debug|Any CPU = Debug|Any CPU
		Release|Any CPU = Release|Any CPU
	EndGlobalSection
	GlobalSection(ProjectConfigurationPlatforms) = postSolution
		{BCA56B14-31D3-4AF7-83B5-05CCA23B732D}.Debug|Any CPU.ActiveCfg = Debug|Any CPU
		{BCA56B14-31D3-4AF7-83B5-05CCA23B732D}.Debug|Any CPU.Build.0 = Debug|Any CPU
		{BCA56B14-31D3-4AF7-83B5-05CCA23B732D}.Release|Any CPU.ActiveCfg = Release|Any CPU
		{BCA56B14-31D3-4AF7-83B5-05CCA23B732D}.Release|Any CPU.Build.0 = Release|Any CPU
	EndGlobalSection
	GlobalSection(SolutionProperties) = preSolution
		HideSolutionNode = FALSE
	EndGlobalSection
	GlobalSection(ExtensibilityGlobals) = postSolution
		SolutionGuid = {76925260-111A-422F-B578-38333747B755}
	EndGlobalSection
EndGlobal
