
Microsoft Visual Studio Solution File, Format Version 12.00
# Visual Studio Version 17
VisualStudioVersion = 17.3.32825.248
MinimumVisualStudioVersion = 10.0.40219.1
Project("{FAE04EC0-301F-11D3-BF4B-00C04F79EFBC}") = "Money Maker", "Money Maker.csproj", "{9F542F33-398F-41CA-994E-B8D95C1291D4}"
EndProject
Global
	GlobalSection(SolutionConfigurationPlatforms) = preSolution
		Debug|Any CPU = Debug|Any CPU
		Release|Any CPU = Release|Any CPU
	EndGlobalSection
	GlobalSection(ProjectConfigurationPlatforms) = postSolution
		{9F542F33-398F-41CA-994E-B8D95C1291D4}.Debug|Any CPU.ActiveCfg = Debug|Any CPU
		{9F542F33-398F-41CA-994E-B8D95C1291D4}.Debug|Any CPU.Build.0 = Debug|Any CPU
		{9F542F33-398F-41CA-994E-B8D95C1291D4}.Release|Any CPU.ActiveCfg = Release|Any CPU
		{9F542F33-398F-41CA-994E-B8D95C1291D4}.Release|Any CPU.Build.0 = Release|Any CPU
	EndGlobalSection
	GlobalSection(SolutionProperties) = preSolution
		HideSolutionNode = FALSE
	EndGlobalSection
	GlobalSection(ExtensibilityGlobals) = postSolution
		SolutionGuid = {EBA22423-BBEA-41BE-9455-DAC514418468}
	EndGlobalSection
EndGlobal
